{
  "name": "mini",
  "version": "1.0.0",
  "lockfileVersion": 1,
  "requires": true,
  "dependencies": {
    "fine-mini": {
      "version": "0.0.2",
      "resolved": "https://registry.npmjs.org/fine-mini/-/fine-mini-0.0.2.tgz",
      "integrity": "sha512-GsUdQZTANOp38S+xdZWMkQ52tY0i8pkG8jRRbcX9QxFL50r//CA2xk0vVigZMkTsUm7DwcNsv02/go06jeH0qg=="
    }
  }
}
